
Microsoft Visual Studio Solution File, Format Version 12.00
# Visual Studio Version 17
VisualStudioVersion = 17.11.35219.272
MinimumVisualStudioVersion = 10.0.40219.1
Project("{FAE04EC0-301F-11D3-BF4B-00C04F79EFBC}") = "WpfApp3", "WpfApp3\WpfApp3.csproj", "{520E1251-5294-48CC-894F-8ACC88ED092A}"
EndProject
Global
	GlobalSection(SolutionConfigurationPlatforms) = preSolution
		Debug|Any CPU = Debug|Any CPU
		Release|Any CPU = Release|Any CPU
	EndGlobalSection
	GlobalSection(ProjectConfigurationPlatforms) = postSolution
		{520E1251-5294-48CC-894F-8ACC88ED092A}.Debug|Any CPU.ActiveCfg = Debug|Any CPU
		{520E1251-5294-48CC-894F-8ACC88ED092A}.Debug|Any CPU.Build.0 = Debug|Any CPU
		{520E1251-5294-48CC-894F-8ACC88ED092A}.Release|Any CPU.ActiveCfg = Release|Any CPU
		{520E1251-5294-48CC-894F-8ACC88ED092A}.Release|Any CPU.Build.0 = Release|Any CPU
	EndGlobalSection
	GlobalSection(SolutionProperties) = preSolution
		HideSolutionNode = FALSE
	EndGlobalSection
	GlobalSection(ExtensibilityGlobals) = postSolution
		SolutionGuid = {8A4691B2-3461-4E21-96FA-EFF43B0A9D0A}
	EndGlobalSection
EndGlobal
